
Microsoft Visual Studio Solution File, Format Version 12.00
# Visual Studio Version 17
VisualStudioVersion = 17.6.33712.159
MinimumVisualStudioVersion = 10.0.40219.1
Project("{FAE04EC0-301F-11D3-BF4B-00C04F79EFBC}") = "UMS", "UMS\UMS.csproj", "{A5BFA910-2A87-4B97-8786-CDFF4643546C}"
EndProject
Global
	GlobalSection(SolutionConfigurationPlatforms) = preSolution
		Debug|Any CPU = Debug|Any CPU
		Release|Any CPU = Release|Any CPU
	EndGlobalSection
	GlobalSection(ProjectConfigurationPlatforms) = postSolution
		{A5BFA910-2A87-4B97-8786-CDFF4643546C}.Debug|Any CPU.ActiveCfg = Debug|Any CPU
		{A5BFA910-2A87-4B97-8786-CDFF4643546C}.Debug|Any CPU.Build.0 = Debug|Any CPU
		{A5BFA910-2A87-4B97-8786-CDFF4643546C}.Release|Any CPU.ActiveCfg = Release|Any CPU
		{A5BFA910-2A87-4B97-8786-CDFF4643546C}.Release|Any CPU.Build.0 = Release|Any CPU
	EndGlobalSection
	GlobalSection(SolutionProperties) = preSolution
		HideSolutionNode = FALSE
	EndGlobalSection
	GlobalSection(ExtensibilityGlobals) = postSolution
		SolutionGuid = {7DE772CF-D781-4BB8-9415-68B095A2E301}
	EndGlobalSection
EndGlobal
